
Microsoft Visual Studio Solution File, Format Version 12.00
# Visual Studio Version 17
VisualStudioVersion = 17.11.35219.272
MinimumVisualStudioVersion = 10.0.40219.1
Project("{FAE04EC0-301F-11D3-BF4B-00C04F79EFBC}") = "WinForms.Service", "..\WinForms.Service\WinForms.Service.csproj", "{91E7026F-A53D-4445-BB89-B7BF9C7B9051}"
EndProject
Project("{FAE04EC0-301F-11D3-BF4B-00C04F79EFBC}") = "WinForms.App", "..\WinForms.App\WinForms.App.csproj", "{370CE62D-96FA-4B6B-AF5D-D43A56CEA5AD}"
EndProject
Global
	GlobalSection(SolutionConfigurationPlatforms) = preSolution
		Debug|Any CPU = Debug|Any CPU
		Release|Any CPU = Release|Any CPU
	EndGlobalSection
	GlobalSection(ProjectConfigurationPlatforms) = postSolution
		{91E7026F-A53D-4445-BB89-B7BF9C7B9051}.Debug|Any CPU.ActiveCfg = Debug|Any CPU
		{91E7026F-A53D-4445-BB89-B7BF9C7B9051}.Debug|Any CPU.Build.0 = Debug|Any CPU
		{91E7026F-A53D-4445-BB89-B7BF9C7B9051}.Release|Any CPU.ActiveCfg = Release|Any CPU
		{91E7026F-A53D-4445-BB89-B7BF9C7B9051}.Release|Any CPU.Build.0 = Release|Any CPU
		{370CE62D-96FA-4B6B-AF5D-D43A56CEA5AD}.Debug|Any CPU.ActiveCfg = Debug|Any CPU
		{370CE62D-96FA-4B6B-AF5D-D43A56CEA5AD}.Debug|Any CPU.Build.0 = Debug|Any CPU
		{370CE62D-96FA-4B6B-AF5D-D43A56CEA5AD}.Release|Any CPU.ActiveCfg = Release|Any CPU
		{370CE62D-96FA-4B6B-AF5D-D43A56CEA5AD}.Release|Any CPU.Build.0 = Release|Any CPU
	EndGlobalSection
	GlobalSection(SolutionProperties) = preSolution
		HideSolutionNode = FALSE
	EndGlobalSection
	GlobalSection(ExtensibilityGlobals) = postSolution
		SolutionGuid = {ACDDC54D-27D7-46FF-9D51-08173D314CAB}
	EndGlobalSection
EndGlobal
